// !$*UTF8*$!
{
	archiveVersion = 1;
	classes = {
	};
	objectVersion = 56;
	objects = {

/* Begin PBXBuildFile section */
		2C5855912B96BB200082FC03 /* DiffintegratorApp.swift in Sources */ = {isa = PBXBuildFile; fileRef = 2C5855902B96BB200082FC03 /* DiffintegratorApp.swift */; };
		2C5855932B96BB200082FC03 /* ContentView.swift in Sources */ = {isa = PBXBuildFile; fileRef = 2C5855922B96BB200082FC03 /* ContentView.swift */; };
		2C5855952B96BB210082FC03 /* Assets.xcassets in Resources */ = {isa = PBXBuildFile; fileRef = 2C5855942B96BB210082FC03 /* Assets.xcassets */; };
		2C5855982B96BB210082FC03 /* Preview Assets.xcassets in Resources */ = {isa = PBXBuildFile; fileRef = 2C5855972B96BB210082FC03 /* Preview Assets.xcassets */; };
		2C5855A42B96CC530082FC03 /* Expression.cpp in Sources */ = {isa = PBXBuildFile; fileRef = 2C5855A22B96CC530082FC03 /* Expression.cpp */; };
		2C60335B2B9E2FF1006B72FC /* DiffintegratorTests.swift in Sources */ = {isa = PBXBuildFile; fileRef = 2C60335A2B9E2FF1006B72FC /* DiffintegratorTests.swift */; };
		2C674D0A2BBD9F360068E5A9 /* Exceptions.cpp in Sources */ = {isa = PBXBuildFile; fileRef = 2C674D082BBD9F360068E5A9 /* Exceptions.cpp */; };
		2C674D132BBDA5600068E5A9 /* ExpressionTests.mm in Sources */ = {isa = PBXBuildFile; fileRef = 2C674D122BBDA5600068E5A9 /* ExpressionTests.mm */; };
		2C674D202BBDA8E50068E5A9 /* main.cpp in Sources */ = {isa = PBXBuildFile; fileRef = 2C674D1F2BBDA8E50068E5A9 /* main.cpp */; };
		2C674D252BBDA9970068E5A9 /* Exceptions.cpp in Sources */ = {isa = PBXBuildFile; fileRef = 2C674D082BBD9F360068E5A9 /* Exceptions.cpp */; };
		2C674D262BBDA9970068E5A9 /* Exceptions.cpp in Sources */ = {isa = PBXBuildFile; fileRef = 2C674D082BBD9F360068E5A9 /* Exceptions.cpp */; };
		2C674D272BBDA99C0068E5A9 /* Expression.cpp in Sources */ = {isa = PBXBuildFile; fileRef = 2C5855A22B96CC530082FC03 /* Expression.cpp */; };
		2C674D282BBDA99C0068E5A9 /* Expression.cpp in Sources */ = {isa = PBXBuildFile; fileRef = 2C5855A22B96CC530082FC03 /* Expression.cpp */; };
		2C674D2B2BBDAB6F0068E5A9 /* Calculator.cpp in Sources */ = {isa = PBXBuildFile; fileRef = 2C674D292BBDAB6F0068E5A9 /* Calculator.cpp */; };
		2C674D2C2BBDAB6F0068E5A9 /* Calculator.cpp in Sources */ = {isa = PBXBuildFile; fileRef = 2C674D292BBDAB6F0068E5A9 /* Calculator.cpp */; };
		2C674D2D2BBDAB6F0068E5A9 /* Calculator.cpp in Sources */ = {isa = PBXBuildFile; fileRef = 2C674D292BBDAB6F0068E5A9 /* Calculator.cpp */; };
		2C674D312BBDCEB40068E5A9 /* TypeUtil.cpp in Sources */ = {isa = PBXBuildFile; fileRef = 2C674D2F2BBDCEB40068E5A9 /* TypeUtil.cpp */; };
		2C674D322BBDCEB40068E5A9 /* TypeUtil.cpp in Sources */ = {isa = PBXBuildFile; fileRef = 2C674D2F2BBDCEB40068E5A9 /* TypeUtil.cpp */; };
		2C674D332BBDCEB40068E5A9 /* TypeUtil.cpp in Sources */ = {isa = PBXBuildFile; fileRef = 2C674D2F2BBDCEB40068E5A9 /* TypeUtil.cpp */; };
/* End PBXBuildFile section */

/* Begin PBXContainerItemProxy section */
		2C60335C2B9E2FF1006B72FC /* PBXContainerItemProxy */ = {
			isa = PBXContainerItemProxy;
			containerPortal = 2C5855852B96BB200082FC03 /* Project object */;
			proxyType = 1;
			remoteGlobalIDString = 2C58558C2B96BB200082FC03;
			remoteInfo = Diffintegrator;
		};
		2C674D142BBDA5600068E5A9 /* PBXContainerItemProxy */ = {
			isa = PBXContainerItemProxy;
			containerPortal = 2C5855852B96BB200082FC03 /* Project object */;
			proxyType = 1;
			remoteGlobalIDString = 2C58558C2B96BB200082FC03;
			remoteInfo = Diffintegrator;
		};
/* End PBXContainerItemProxy section */

/* Begin PBXCopyFilesBuildPhase section */
		2C674D1B2BBDA8E50068E5A9 /* CopyFiles */ = {
			isa = PBXCopyFilesBuildPhase;
			buildActionMask = 2147483647;
			dstPath = /usr/share/man/man1/;
			dstSubfolderSpec = 0;
			files = (
			);
			runOnlyForDeploymentPostprocessing = 1;
		};
/* End PBXCopyFilesBuildPhase section */

/* Begin PBXFileReference section */
		2C58558D2B96BB200082FC03 /* Diffintegrator.app */ = {isa = PBXFileReference; explicitFileType = wrapper.application; includeInIndex = 0; path = Diffintegrator.app; sourceTree = BUILT_PRODUCTS_DIR; };
		2C5855902B96BB200082FC03 /* DiffintegratorApp.swift */ = {isa = PBXFileReference; lastKnownFileType = sourcecode.swift; path = DiffintegratorApp.swift; sourceTree = "<group>"; };
		2C5855922B96BB200082FC03 /* ContentView.swift */ = {isa = PBXFileReference; lastKnownFileType = sourcecode.swift; path = ContentView.swift; sourceTree = "<group>"; };
		2C5855942B96BB210082FC03 /* Assets.xcassets */ = {isa = PBXFileReference; lastKnownFileType = folder.assetcatalog; path = Assets.xcassets; sourceTree = "<group>"; };
		2C5855972B96BB210082FC03 /* Preview Assets.xcassets */ = {isa = PBXFileReference; lastKnownFileType = folder.assetcatalog; path = "Preview Assets.xcassets"; sourceTree = "<group>"; };
		2C5855992B96BB210082FC03 /* Diffintegrator.entitlements */ = {isa = PBXFileReference; lastKnownFileType = text.plist.entitlements; path = Diffintegrator.entitlements; sourceTree = "<group>"; };
		2C5855A22B96CC530082FC03 /* Expression.cpp */ = {isa = PBXFileReference; lastKnownFileType = sourcecode.cpp.cpp; path = Expression.cpp; sourceTree = "<group>"; };
		2C5855A32B96CC530082FC03 /* Expression.hpp */ = {isa = PBXFileReference; lastKnownFileType = sourcecode.cpp.h; path = Expression.hpp; sourceTree = "<group>"; };
		2C6033582B9E2FF1006B72FC /* DiffintegratorTests.xctest */ = {isa = PBXFileReference; explicitFileType = wrapper.cfbundle; includeInIndex = 0; path = DiffintegratorTests.xctest; sourceTree = BUILT_PRODUCTS_DIR; };
		2C60335A2B9E2FF1006B72FC /* DiffintegratorTests.swift */ = {isa = PBXFileReference; lastKnownFileType = sourcecode.swift; path = DiffintegratorTests.swift; sourceTree = "<group>"; };
		2C674D082BBD9F360068E5A9 /* Exceptions.cpp */ = {isa = PBXFileReference; lastKnownFileType = sourcecode.cpp.cpp; path = Exceptions.cpp; sourceTree = "<group>"; };
		2C674D092BBD9F360068E5A9 /* Exceptions.hpp */ = {isa = PBXFileReference; lastKnownFileType = sourcecode.cpp.h; path = Exceptions.hpp; sourceTree = "<group>"; };
		2C674D102BBDA5600068E5A9 /* DiffintegratorBackendTests.xctest */ = {isa = PBXFileReference; explicitFileType = wrapper.cfbundle; includeInIndex = 0; path = DiffintegratorBackendTests.xctest; sourceTree = BUILT_PRODUCTS_DIR; };
		2C674D122BBDA5600068E5A9 /* ExpressionTests.mm */ = {isa = PBXFileReference; explicitFileType = sourcecode.cpp.objcpp; path = ExpressionTests.mm; sourceTree = "<group>"; };
		2C674D1D2BBDA8E50068E5A9 /* DiffintegratorBackendPlayground */ = {isa = PBXFileReference; explicitFileType = "compiled.mach-o.executable"; includeInIndex = 0; path = DiffintegratorBackendPlayground; sourceTree = BUILT_PRODUCTS_DIR; };
		2C674D1F2BBDA8E50068E5A9 /* main.cpp */ = {isa = PBXFileReference; lastKnownFileType = sourcecode.cpp.cpp; path = main.cpp; sourceTree = "<group>"; };
		2C674D292BBDAB6F0068E5A9 /* Calculator.cpp */ = {isa = PBXFileReference; lastKnownFileType = sourcecode.cpp.cpp; path = Calculator.cpp; sourceTree = "<group>"; };
		2C674D2A2BBDAB6F0068E5A9 /* Calculator.hpp */ = {isa = PBXFileReference; lastKnownFileType = sourcecode.cpp.h; path = Calculator.hpp; sourceTree = "<group>"; };
		2C674D2F2BBDCEB40068E5A9 /* TypeUtil.cpp */ = {isa = PBXFileReference; lastKnownFileType = sourcecode.cpp.cpp; path = TypeUtil.cpp; sourceTree = "<group>"; };
		2C674D302BBDCEB40068E5A9 /* TypeUtil.hpp */ = {isa = PBXFileReference; lastKnownFileType = sourcecode.cpp.h; path = TypeUtil.hpp; sourceTree = "<group>"; };
/* End PBXFileReference section */

/* Begin PBXFrameworksBuildPhase section */
		2C58558A2B96BB200082FC03 /* Frameworks */ = {
			isa = PBXFrameworksBuildPhase;
			buildActionMask = 2147483647;
			files = (
			);
			runOnlyForDeploymentPostprocessing = 0;
		};
		2C6033552B9E2FF1006B72FC /* Frameworks */ = {
			isa = PBXFrameworksBuildPhase;
			buildActionMask = 2147483647;
			files = (
			);
			runOnlyForDeploymentPostprocessing = 0;
		};
		2C674D0D2BBDA5600068E5A9 /* Frameworks */ = {
			isa = PBXFrameworksBuildPhase;
			buildActionMask = 2147483647;
			files = (
			);
			runOnlyForDeploymentPostprocessing = 0;
		};
		2C674D1A2BBDA8E50068E5A9 /* Frameworks */ = {
			isa = PBXFrameworksBuildPhase;
			buildActionMask = 2147483647;
			files = (
			);
			runOnlyForDeploymentPostprocessing = 0;
		};
/* End PBXFrameworksBuildPhase section */

/* Begin PBXGroup section */
		2C5855842B96BB200082FC03 = {
			isa = PBXGroup;
			children = (
				2C58558F2B96BB200082FC03 /* Diffintegrator */,
				2C6033592B9E2FF1006B72FC /* DiffintegratorTests */,
				2C674D112BBDA5600068E5A9 /* DiffintegratorBackendTests */,
				2C674D1E2BBDA8E50068E5A9 /* DiffintegratorBackendPlayground */,
				2C58558E2B96BB200082FC03 /* Products */,
			);
			sourceTree = "<group>";
		};
		2C58558E2B96BB200082FC03 /* Products */ = {
			isa = PBXGroup;
			children = (
				2C58558D2B96BB200082FC03 /* Diffintegrator.app */,
				2C6033582B9E2FF1006B72FC /* DiffintegratorTests.xctest */,
				2C674D102BBDA5600068E5A9 /* DiffintegratorBackendTests.xctest */,
				2C674D1D2BBDA8E50068E5A9 /* DiffintegratorBackendPlayground */,
			);
			name = Products;
			sourceTree = "<group>";
		};
		2C58558F2B96BB200082FC03 /* Diffintegrator */ = {
			isa = PBXGroup;
			children = (
				2C58559F2B96CA550082FC03 /* Backend */,
				2C5855902B96BB200082FC03 /* DiffintegratorApp.swift */,
				2C5855922B96BB200082FC03 /* ContentView.swift */,
				2C5855942B96BB210082FC03 /* Assets.xcassets */,
				2C5855992B96BB210082FC03 /* Diffintegrator.entitlements */,
				2C5855962B96BB210082FC03 /* Preview Content */,
			);
			path = Diffintegrator;
			sourceTree = "<group>";
		};
		2C5855962B96BB210082FC03 /* Preview Content */ = {
			isa = PBXGroup;
			children = (
				2C5855972B96BB210082FC03 /* Preview Assets.xcassets */,
			);
			path = "Preview Content";
			sourceTree = "<group>";
		};
		2C58559F2B96CA550082FC03 /* Backend */ = {
			isa = PBXGroup;
			children = (
				2C674D2E2BBDCE860068E5A9 /* Util */,
				2C5855A02B96CBDE0082FC03 /* MathematicalExpressions */,
			);
			path = Backend;
			sourceTree = "<group>";
		};
		2C5855A02B96CBDE0082FC03 /* MathematicalExpressions */ = {
			isa = PBXGroup;
			children = (
				2C5855A22B96CC530082FC03 /* Expression.cpp */,
				2C5855A32B96CC530082FC03 /* Expression.hpp */,
				2C674D082BBD9F360068E5A9 /* Exceptions.cpp */,
				2C674D092BBD9F360068E5A9 /* Exceptions.hpp */,
				2C674D292BBDAB6F0068E5A9 /* Calculator.cpp */,
				2C674D2A2BBDAB6F0068E5A9 /* Calculator.hpp */,
			);
			path = MathematicalExpressions;
			sourceTree = "<group>";
		};
		2C6033592B9E2FF1006B72FC /* DiffintegratorTests */ = {
			isa = PBXGroup;
			children = (
				2C60335A2B9E2FF1006B72FC /* DiffintegratorTests.swift */,
			);
			path = DiffintegratorTests;
			sourceTree = "<group>";
		};
		2C674D112BBDA5600068E5A9 /* DiffintegratorBackendTests */ = {
			isa = PBXGroup;
			children = (
				2C674D122BBDA5600068E5A9 /* ExpressionTests.mm */,
			);
			path = DiffintegratorBackendTests;
			sourceTree = "<group>";
		};
		2C674D1E2BBDA8E50068E5A9 /* DiffintegratorBackendPlayground */ = {
			isa = PBXGroup;
			children = (
				2C674D1F2BBDA8E50068E5A9 /* main.cpp */,
			);
			path = DiffintegratorBackendPlayground;
			sourceTree = "<group>";
		};
		2C674D2E2BBDCE860068E5A9 /* Util */ = {
			isa = PBXGroup;
			children = (
				2C674D2F2BBDCEB40068E5A9 /* TypeUtil.cpp */,
				2C674D302BBDCEB40068E5A9 /* TypeUtil.hpp */,
			);
			path = Util;
			sourceTree = "<group>";
		};
/* End PBXGroup section */

/* Begin PBXNativeTarget section */
		2C58558C2B96BB200082FC03 /* Diffintegrator */ = {
			isa = PBXNativeTarget;
			buildConfigurationList = 2C58559C2B96BB210082FC03 /* Build configuration list for PBXNativeTarget "Diffintegrator" */;
			buildPhases = (
				2C5855892B96BB200082FC03 /* Sources */,
				2C58558A2B96BB200082FC03 /* Frameworks */,
				2C58558B2B96BB200082FC03 /* Resources */,
			);
			buildRules = (
			);
			dependencies = (
			);
			name = Diffintegrator;
			productName = Diffintegrator;
			productReference = 2C58558D2B96BB200082FC03 /* Diffintegrator.app */;
			productType = "com.apple.product-type.application";
		};
		2C6033572B9E2FF1006B72FC /* DiffintegratorTests */ = {
			isa = PBXNativeTarget;
			buildConfigurationList = 2C6033602B9E2FF1006B72FC /* Build configuration list for PBXNativeTarget "DiffintegratorTests" */;
			buildPhases = (
				2C6033542B9E2FF1006B72FC /* Sources */,
				2C6033552B9E2FF1006B72FC /* Frameworks */,
				2C6033562B9E2FF1006B72FC /* Resources */,
			);
			buildRules = (
			);
			dependencies = (
				2C60335D2B9E2FF1006B72FC /* PBXTargetDependency */,
			);
			name = DiffintegratorTests;
			productName = DiffintegratorTests;
			productReference = 2C6033582B9E2FF1006B72FC /* DiffintegratorTests.xctest */;
			productType = "com.apple.product-type.bundle.unit-test";
		};
		2C674D0F2BBDA5600068E5A9 /* DiffintegratorBackendTests */ = {
			isa = PBXNativeTarget;
			buildConfigurationList = 2C674D162BBDA5600068E5A9 /* Build configuration list for PBXNativeTarget "DiffintegratorBackendTests" */;
			buildPhases = (
				2C674D0C2BBDA5600068E5A9 /* Sources */,
				2C674D0D2BBDA5600068E5A9 /* Frameworks */,
				2C674D0E2BBDA5600068E5A9 /* Resources */,
			);
			buildRules = (
			);
			dependencies = (
				2C674D152BBDA5600068E5A9 /* PBXTargetDependency */,
			);
			name = DiffintegratorBackendTests;
			productName = DiffintegratorBackendTests;
			productReference = 2C674D102BBDA5600068E5A9 /* DiffintegratorBackendTests.xctest */;
			productType = "com.apple.product-type.bundle.unit-test";
		};
		2C674D1C2BBDA8E50068E5A9 /* DiffintegratorBackendPlayground */ = {
			isa = PBXNativeTarget;
			buildConfigurationList = 2C674D232BBDA8E50068E5A9 /* Build configuration list for PBXNativeTarget "DiffintegratorBackendPlayground" */;
			buildPhases = (
				2C674D192BBDA8E50068E5A9 /* Sources */,
				2C674D1A2BBDA8E50068E5A9 /* Frameworks */,
				2C674D1B2BBDA8E50068E5A9 /* CopyFiles */,
			);
			buildRules = (
			);
			dependencies = (
			);
			name = DiffintegratorBackendPlayground;
			productName = DiffintegratorBackendPlayground;
			productReference = 2C674D1D2BBDA8E50068E5A9 /* DiffintegratorBackendPlayground */;
			productType = "com.apple.product-type.tool";
		};
/* End PBXNativeTarget section */

/* Begin PBXProject section */
		2C5855852B96BB200082FC03 /* Project object */ = {
			isa = PBXProject;
			attributes = {
				BuildIndependentTargetsInParallel = 1;
				LastSwiftUpdateCheck = 1530;
				LastUpgradeCheck = 1520;
				TargetAttributes = {
					2C58558C2B96BB200082FC03 = {
						CreatedOnToolsVersion = 15.2;
						LastSwiftMigration = 1520;
					};
					2C6033572B9E2FF1006B72FC = {
						CreatedOnToolsVersion = 15.3;
						TestTargetID = 2C58558C2B96BB200082FC03;
					};
					2C674D0F2BBDA5600068E5A9 = {
						CreatedOnToolsVersion = 15.3;
						TestTargetID = 2C58558C2B96BB200082FC03;
					};
					2C674D1C2BBDA8E50068E5A9 = {
						CreatedOnToolsVersion = 15.3;
					};
				};
			};
			buildConfigurationList = 2C5855882B96BB200082FC03 /* Build configuration list for PBXProject "Diffintegrator" */;
			compatibilityVersion = "Xcode 14.0";
			developmentRegion = en;
			hasScannedForEncodings = 0;
			knownRegions = (
				en,
				Base,
			);
			mainGroup = 2C5855842B96BB200082FC03;
			productRefGroup = 2C58558E2B96BB200082FC03 /* Products */;
			projectDirPath = "";
			projectRoot = "";
			targets = (
				2C58558C2B96BB200082FC03 /* Diffintegrator */,
				2C6033572B9E2FF1006B72FC /* DiffintegratorTests */,
				2C674D0F2BBDA5600068E5A9 /* DiffintegratorBackendTests */,
				2C674D1C2BBDA8E50068E5A9 /* DiffintegratorBackendPlayground */,
			);
		};
/* End PBXProject section */

/* Begin PBXResourcesBuildPhase section */
		2C58558B2B96BB200082FC03 /* Resources */ = {
			isa = PBXResourcesBuildPhase;
			buildActionMask = 2147483647;
			files = (
				2C5855982B96BB210082FC03 /* Preview Assets.xcassets in Resources */,
				2C5855952B96BB210082FC03 /* Assets.xcassets in Resources */,
			);
			runOnlyForDeploymentPostprocessing = 0;
		};
		2C6033562B9E2FF1006B72FC /* Resources */ = {
			isa = PBXResourcesBuildPhase;
			buildActionMask = 2147483647;
			files = (
			);
			runOnlyForDeploymentPostprocessing = 0;
		};
		2C674D0E2BBDA5600068E5A9 /* Resources */ = {
			isa = PBXResourcesBuildPhase;
			buildActionMask = 2147483647;
			files = (
			);
			runOnlyForDeploymentPostprocessing = 0;
		};
/* End PBXResourcesBuildPhase section */

/* Begin PBXSourcesBuildPhase section */
		2C5855892B96BB200082FC03 /* Sources */ = {
			isa = PBXSourcesBuildPhase;
			buildActionMask = 2147483647;
			files = (
				2C5855932B96BB200082FC03 /* ContentView.swift in Sources */,
				2C674D0A2BBD9F360068E5A9 /* Exceptions.cpp in Sources */,
				2C5855A42B96CC530082FC03 /* Expression.cpp in Sources */,
				2C674D2B2BBDAB6F0068E5A9 /* Calculator.cpp in Sources */,
				2C5855912B96BB200082FC03 /* DiffintegratorApp.swift in Sources */,
				2C674D312BBDCEB40068E5A9 /* TypeUtil.cpp in Sources */,
			);
			runOnlyForDeploymentPostprocessing = 0;
		};
		2C6033542B9E2FF1006B72FC /* Sources */ = {
			isa = PBXSourcesBuildPhase;
			buildActionMask = 2147483647;
			files = (
				2C60335B2B9E2FF1006B72FC /* DiffintegratorTests.swift in Sources */,
			);
			runOnlyForDeploymentPostprocessing = 0;
		};
		2C674D0C2BBDA5600068E5A9 /* Sources */ = {
			isa = PBXSourcesBuildPhase;
			buildActionMask = 2147483647;
			files = (
				2C674D132BBDA5600068E5A9 /* ExpressionTests.mm in Sources */,
				2C674D2C2BBDAB6F0068E5A9 /* Calculator.cpp in Sources */,
				2C674D272BBDA99C0068E5A9 /* Expression.cpp in Sources */,
				2C674D252BBDA9970068E5A9 /* Exceptions.cpp in Sources */,
				2C674D322BBDCEB40068E5A9 /* TypeUtil.cpp in Sources */,
			);
			runOnlyForDeploymentPostprocessing = 0;
		};
		2C674D192BBDA8E50068E5A9 /* Sources */ = {
			isa = PBXSourcesBuildPhase;
			buildActionMask = 2147483647;
			files = (
				2C674D202BBDA8E50068E5A9 /* main.cpp in Sources */,
				2C674D2D2BBDAB6F0068E5A9 /* Calculator.cpp in Sources */,
				2C674D282BBDA99C0068E5A9 /* Expression.cpp in Sources */,
				2C674D262BBDA9970068E5A9 /* Exceptions.cpp in Sources */,
				2C674D332BBDCEB40068E5A9 /* TypeUtil.cpp in Sources */,
			);
			runOnlyForDeploymentPostprocessing = 0;
		};
/* End PBXSourcesBuildPhase section */

/* Begin PBXTargetDependency section */
		2C60335D2B9E2FF1006B72FC /* PBXTargetDependency */ = {
			isa = PBXTargetDependency;
			target = 2C58558C2B96BB200082FC03 /* Diffintegrator */;
			targetProxy = 2C60335C2B9E2FF1006B72FC /* PBXContainerItemProxy */;
		};
		2C674D152BBDA5600068E5A9 /* PBXTargetDependency */ = {
			isa = PBXTargetDependency;
			target = 2C58558C2B96BB200082FC03 /* Diffintegrator */;
			targetProxy = 2C674D142BBDA5600068E5A9 /* PBXContainerItemProxy */;
		};
/* End PBXTargetDependency section */

/* Begin XCBuildConfiguration section */
		2C58559A2B96BB210082FC03 /* Debug */ = {
			isa = XCBuildConfiguration;
			buildSettings = {
				ALWAYS_SEARCH_USER_PATHS = NO;
				ASSETCATALOG_COMPILER_GENERATE_SWIFT_ASSET_SYMBOL_EXTENSIONS = YES;
				CLANG_ANALYZER_NONNULL = YES;
				CLANG_ANALYZER_NUMBER_OBJECT_CONVERSION = YES_AGGRESSIVE;
				CLANG_CXX_LANGUAGE_STANDARD = "gnu++20";
				CLANG_ENABLE_MODULES = YES;
				CLANG_ENABLE_OBJC_ARC = YES;
				CLANG_ENABLE_OBJC_WEAK = YES;
				CLANG_WARN_BLOCK_CAPTURE_AUTORELEASING = YES;
				CLANG_WARN_BOOL_CONVERSION = YES;
				CLANG_WARN_COMMA = YES;
				CLANG_WARN_CONSTANT_CONVERSION = YES;
				CLANG_WARN_DEPRECATED_OBJC_IMPLEMENTATIONS = YES;
				CLANG_WARN_DIRECT_OBJC_ISA_USAGE = YES_ERROR;
				CLANG_WARN_DOCUMENTATION_COMMENTS = YES;
				CLANG_WARN_EMPTY_BODY = YES;
				CLANG_WARN_ENUM_CONVERSION = YES;
				CLANG_WARN_INFINITE_RECURSION = YES;
				CLANG_WARN_INT_CONVERSION = YES;
				CLANG_WARN_NON_LITERAL_NULL_CONVERSION = YES;
				CLANG_WARN_OBJC_IMPLICIT_RETAIN_SELF = YES;
				CLANG_WARN_OBJC_LITERAL_CONVERSION = YES;
				CLANG_WARN_OBJC_ROOT_CLASS = YES_ERROR;
				CLANG_WARN_QUOTED_INCLUDE_IN_FRAMEWORK_HEADER = YES;
				CLANG_WARN_RANGE_LOOP_ANALYSIS = YES;
				CLANG_WARN_STRICT_PROTOTYPES = YES;
				CLANG_WARN_SUSPICIOUS_MOVE = YES;
				CLANG_WARN_UNGUARDED_AVAILABILITY = YES_AGGRESSIVE;
				CLANG_WARN_UNREACHABLE_CODE = YES;
				CLANG_WARN__DUPLICATE_METHOD_MATCH = YES;
				COPY_PHASE_STRIP = NO;
				DEBUG_INFORMATION_FORMAT = dwarf;
				ENABLE_STRICT_OBJC_MSGSEND = YES;
				ENABLE_TESTABILITY = YES;
				ENABLE_USER_SCRIPT_SANDBOXING = YES;
				GCC_C_LANGUAGE_STANDARD = gnu17;
				GCC_DYNAMIC_NO_PIC = NO;
				GCC_NO_COMMON_BLOCKS = YES;
				GCC_OPTIMIZATION_LEVEL = 0;
				GCC_PREPROCESSOR_DEFINITIONS = (
					"DEBUG=1",
					"$(inherited)",
				);
				GCC_WARN_64_TO_32_BIT_CONVERSION = YES;
				GCC_WARN_ABOUT_RETURN_TYPE = YES_ERROR;
				GCC_WARN_UNDECLARED_SELECTOR = YES;
				GCC_WARN_UNINITIALIZED_AUTOS = YES_AGGRESSIVE;
				GCC_WARN_UNUSED_FUNCTION = YES;
				GCC_WARN_UNUSED_VARIABLE = YES;
				"HEADER_SEARCH_PATHS[arch=*]" = /usr/local/include;
				LOCALIZATION_PREFERS_STRING_CATALOGS = YES;
				MACOSX_DEPLOYMENT_TARGET = 14.1;
				MTL_ENABLE_DEBUG_INFO = INCLUDE_SOURCE;
				MTL_FAST_MATH = YES;
				ONLY_ACTIVE_ARCH = YES;
				SDKROOT = macosx;
				SWIFT_ACTIVE_COMPILATION_CONDITIONS = "DEBUG $(inherited)";
				SWIFT_OBJC_INTEROP_MODE = objcxx;
				SWIFT_OPTIMIZATION_LEVEL = "-Onone";
			};
			name = Debug;
		};
		2C58559B2B96BB210082FC03 /* Release */ = {
			isa = XCBuildConfiguration;
			buildSettings = {
				ALWAYS_SEARCH_USER_PATHS = NO;
				ASSETCATALOG_COMPILER_GENERATE_SWIFT_ASSET_SYMBOL_EXTENSIONS = YES;
				CLANG_ANALYZER_NONNULL = YES;
				CLANG_ANALYZER_NUMBER_OBJECT_CONVERSION = YES_AGGRESSIVE;
				CLANG_CXX_LANGUAGE_STANDARD = "gnu++20";
				CLANG_ENABLE_MODULES = YES;
				CLANG_ENABLE_OBJC_ARC = YES;
				CLANG_ENABLE_OBJC_WEAK = YES;
				CLANG_WARN_BLOCK_CAPTURE_AUTORELEASING = YES;
				CLANG_WARN_BOOL_CONVERSION = YES;
				CLANG_WARN_COMMA = YES;
				CLANG_WARN_CONSTANT_CONVERSION = YES;
				CLANG_WARN_DEPRECATED_OBJC_IMPLEMENTATIONS = YES;
				CLANG_WARN_DIRECT_OBJC_ISA_USAGE = YES_ERROR;
				CLANG_WARN_DOCUMENTATION_COMMENTS = YES;
				CLANG_WARN_EMPTY_BODY = YES;
				CLANG_WARN_ENUM_CONVERSION = YES;
				CLANG_WARN_INFINITE_RECURSION = YES;
				CLANG_WARN_INT_CONVERSION = YES;
				CLANG_WARN_NON_LITERAL_NULL_CONVERSION = YES;
				CLANG_WARN_OBJC_IMPLICIT_RETAIN_SELF = YES;
				CLANG_WARN_OBJC_LITERAL_CONVERSION = YES;
				CLANG_WARN_OBJC_ROOT_CLASS = YES_ERROR;
				CLANG_WARN_QUOTED_INCLUDE_IN_FRAMEWORK_HEADER = YES;
				CLANG_WARN_RANGE_LOOP_ANALYSIS = YES;
				CLANG_WARN_STRICT_PROTOTYPES = YES;
				CLANG_WARN_SUSPICIOUS_MOVE = YES;
				CLANG_WARN_UNGUARDED_AVAILABILITY = YES_AGGRESSIVE;
				CLANG_WARN_UNREACHABLE_CODE = YES;
				CLANG_WARN__DUPLICATE_METHOD_MATCH = YES;
				COPY_PHASE_STRIP = NO;
				DEBUG_INFORMATION_FORMAT = "dwarf-with-dsym";
				ENABLE_NS_ASSERTIONS = NO;
				ENABLE_STRICT_OBJC_MSGSEND = YES;
				ENABLE_USER_SCRIPT_SANDBOXING = YES;
				GCC_C_LANGUAGE_STANDARD = gnu17;
				GCC_NO_COMMON_BLOCKS = YES;
				GCC_WARN_64_TO_32_BIT_CONVERSION = YES;
				GCC_WARN_ABOUT_RETURN_TYPE = YES_ERROR;
				GCC_WARN_UNDECLARED_SELECTOR = YES;
				GCC_WARN_UNINITIALIZED_AUTOS = YES_AGGRESSIVE;
				GCC_WARN_UNUSED_FUNCTION = YES;
				GCC_WARN_UNUSED_VARIABLE = YES;
				"HEADER_SEARCH_PATHS[arch=*]" = /usr/local/include;
				LOCALIZATION_PREFERS_STRING_CATALOGS = YES;
				MACOSX_DEPLOYMENT_TARGET = 14.1;
				MTL_ENABLE_DEBUG_INFO = NO;
				MTL_FAST_MATH = YES;
				SDKROOT = macosx;
				SWIFT_COMPILATION_MODE = wholemodule;
				SWIFT_OBJC_INTEROP_MODE = objcxx;
			};
			name = Release;
		};
		2C58559D2B96BB210082FC03 /* Debug */ = {
			isa = XCBuildConfiguration;
			buildSettings = {
				ASSETCATALOG_COMPILER_APPICON_NAME = AppIcon;
				ASSETCATALOG_COMPILER_GLOBAL_ACCENT_COLOR_NAME = AccentColor;
				CLANG_ENABLE_MODULES = YES;
				CODE_SIGN_ENTITLEMENTS = Diffintegrator/Diffintegrator.entitlements;
				CODE_SIGN_STYLE = Automatic;
				COMBINE_HIDPI_IMAGES = YES;
				CURRENT_PROJECT_VERSION = 1;
				DEVELOPMENT_ASSET_PATHS = "\"Diffintegrator/Preview Content\"";
				DEVELOPMENT_TEAM = 6P78G8KAZY;
				ENABLE_HARDENED_RUNTIME = YES;
				ENABLE_PREVIEWS = YES;
				GENERATE_INFOPLIST_FILE = YES;
				INFOPLIST_KEY_NSHumanReadableCopyright = "";
				LD_RUNPATH_SEARCH_PATHS = (
					"$(inherited)",
					"@executable_path/../Frameworks",
				);
				MARKETING_VERSION = 1.0;
				PRODUCT_BUNDLE_IDENTIFIER = ivanpost.Diffintegrator;
				PRODUCT_NAME = "$(TARGET_NAME)";
				SWIFT_EMIT_LOC_STRINGS = YES;
				SWIFT_OPTIMIZATION_LEVEL = "-Onone";
				SWIFT_VERSION = 5.0;
			};
			name = Debug;
		};
		2C58559E2B96BB210082FC03 /* Release */ = {
			isa = XCBuildConfiguration;
			buildSettings = {
				ASSETCATALOG_COMPILER_APPICON_NAME = AppIcon;
				ASSETCATALOG_COMPILER_GLOBAL_ACCENT_COLOR_NAME = AccentColor;
				CLANG_ENABLE_MODULES = YES;
				CODE_SIGN_ENTITLEMENTS = Diffintegrator/Diffintegrator.entitlements;
				CODE_SIGN_STYLE = Automatic;
				COMBINE_HIDPI_IMAGES = YES;
				CURRENT_PROJECT_VERSION = 1;
				DEVELOPMENT_ASSET_PATHS = "\"Diffintegrator/Preview Content\"";
				DEVELOPMENT_TEAM = 6P78G8KAZY;
				ENABLE_HARDENED_RUNTIME = YES;
				ENABLE_PREVIEWS = YES;
				GENERATE_INFOPLIST_FILE = YES;
				INFOPLIST_KEY_NSHumanReadableCopyright = "";
				LD_RUNPATH_SEARCH_PATHS = (
					"$(inherited)",
					"@executable_path/../Frameworks",
				);
				MARKETING_VERSION = 1.0;
				PRODUCT_BUNDLE_IDENTIFIER = ivanpost.Diffintegrator;
				PRODUCT_NAME = "$(TARGET_NAME)";
				SWIFT_EMIT_LOC_STRINGS = YES;
				SWIFT_VERSION = 5.0;
			};
			name = Release;
		};
		2C60335E2B9E2FF1006B72FC /* Debug */ = {
			isa = XCBuildConfiguration;
			buildSettings = {
				BUNDLE_LOADER = "$(TEST_HOST)";
				CODE_SIGN_STYLE = Automatic;
				CURRENT_PROJECT_VERSION = 1;
				DEVELOPMENT_TEAM = 6P78G8KAZY;
				GENERATE_INFOPLIST_FILE = YES;
				MARKETING_VERSION = 1.0;
				PRODUCT_BUNDLE_IDENTIFIER = ivanpost.DiffintegratorTests;
				PRODUCT_NAME = "$(TARGET_NAME)";
				SWIFT_EMIT_LOC_STRINGS = NO;
				SWIFT_VERSION = 5.0;
				TEST_HOST = "$(BUILT_PRODUCTS_DIR)/Diffintegrator.app/$(BUNDLE_EXECUTABLE_FOLDER_PATH)/Diffintegrator";
			};
			name = Debug;
		};
		2C60335F2B9E2FF1006B72FC /* Release */ = {
			isa = XCBuildConfiguration;
			buildSettings = {
				BUNDLE_LOADER = "$(TEST_HOST)";
				CODE_SIGN_STYLE = Automatic;
				CURRENT_PROJECT_VERSION = 1;
				DEVELOPMENT_TEAM = 6P78G8KAZY;
				GENERATE_INFOPLIST_FILE = YES;
				MARKETING_VERSION = 1.0;
				PRODUCT_BUNDLE_IDENTIFIER = ivanpost.DiffintegratorTests;
				PRODUCT_NAME = "$(TARGET_NAME)";
				SWIFT_EMIT_LOC_STRINGS = NO;
				SWIFT_VERSION = 5.0;
				TEST_HOST = "$(BUILT_PRODUCTS_DIR)/Diffintegrator.app/$(BUNDLE_EXECUTABLE_FOLDER_PATH)/Diffintegrator";
			};
			name = Release;
		};
		2C674D172BBDA5600068E5A9 /* Debug */ = {
			isa = XCBuildConfiguration;
			buildSettings = {
				ALWAYS_EMBED_SWIFT_STANDARD_LIBRARIES = YES;
				BUNDLE_LOADER = "$(TEST_HOST)";
				CODE_SIGN_STYLE = Automatic;
				CURRENT_PROJECT_VERSION = 1;
				DEVELOPMENT_TEAM = 6P78G8KAZY;
				GENERATE_INFOPLIST_FILE = YES;
				MARKETING_VERSION = 1.0;
				PRODUCT_BUNDLE_IDENTIFIER = ivanpost.DiffintegratorBackendTests;
				PRODUCT_NAME = "$(TARGET_NAME)";
				SWIFT_EMIT_LOC_STRINGS = NO;
				TEST_HOST = "$(BUILT_PRODUCTS_DIR)/Diffintegrator.app/$(BUNDLE_EXECUTABLE_FOLDER_PATH)/Diffintegrator";
			};
			name = Debug;
		};
		2C674D182BBDA5600068E5A9 /* Release */ = {
			isa = XCBuildConfiguration;
			buildSettings = {
				ALWAYS_EMBED_SWIFT_STANDARD_LIBRARIES = YES;
				BUNDLE_LOADER = "$(TEST_HOST)";
				CODE_SIGN_STYLE = Automatic;
				CURRENT_PROJECT_VERSION = 1;
				DEVELOPMENT_TEAM = 6P78G8KAZY;
				GENERATE_INFOPLIST_FILE = YES;
				MARKETING_VERSION = 1.0;
				PRODUCT_BUNDLE_IDENTIFIER = ivanpost.DiffintegratorBackendTests;
				PRODUCT_NAME = "$(TARGET_NAME)";
				SWIFT_EMIT_LOC_STRINGS = NO;
				TEST_HOST = "$(BUILT_PRODUCTS_DIR)/Diffintegrator.app/$(BUNDLE_EXECUTABLE_FOLDER_PATH)/Diffintegrator";
			};
			name = Release;
		};
		2C674D212BBDA8E50068E5A9 /* Debug */ = {
			isa = XCBuildConfiguration;
			buildSettings = {
				CODE_SIGN_STYLE = Automatic;
				DEVELOPMENT_TEAM = 6P78G8KAZY;
				ENABLE_HARDENED_RUNTIME = YES;
				PRODUCT_NAME = "$(TARGET_NAME)";
			};
			name = Debug;
		};
		2C674D222BBDA8E50068E5A9 /* Release */ = {
			isa = XCBuildConfiguration;
			buildSettings = {
				CODE_SIGN_STYLE = Automatic;
				DEVELOPMENT_TEAM = 6P78G8KAZY;
				ENABLE_HARDENED_RUNTIME = YES;
				PRODUCT_NAME = "$(TARGET_NAME)";
			};
			name = Release;
		};
/* End XCBuildConfiguration section */

/* Begin XCConfigurationList section */
		2C5855882B96BB200082FC03 /* Build configuration list for PBXProject "Diffintegrator" */ = {
			isa = XCConfigurationList;
			buildConfigurations = (
				2C58559A2B96BB210082FC03 /* Debug */,
				2C58559B2B96BB210082FC03 /* Release */,
			);
			defaultConfigurationIsVisible = 0;
			defaultConfigurationName = Release;
		};
		2C58559C2B96BB210082FC03 /* Build configuration list for PBXNativeTarget "Diffintegrator" */ = {
			isa = XCConfigurationList;
			buildConfigurations = (
				2C58559D2B96BB210082FC03 /* Debug */,
				2C58559E2B96BB210082FC03 /* Release */,
			);
			defaultConfigurationIsVisible = 0;
			defaultConfigurationName = Release;
		};
		2C6033602B9E2FF1006B72FC /* Build configuration list for PBXNativeTarget "DiffintegratorTests" */ = {
			isa = XCConfigurationList;
			buildConfigurations = (
				2C60335E2B9E2FF1006B72FC /* Debug */,
				2C60335F2B9E2FF1006B72FC /* Release */,
			);
			defaultConfigurationIsVisible = 0;
			defaultConfigurationName = Release;
		};
		2C674D162BBDA5600068E5A9 /* Build configuration list for PBXNativeTarget "DiffintegratorBackendTests" */ = {
			isa = XCConfigurationList;
			buildConfigurations = (
				2C674D172BBDA5600068E5A9 /* Debug */,
				2C674D182BBDA5600068E5A9 /* Release */,
			);
			defaultConfigurationIsVisible = 0;
			defaultConfigurationName = Release;
		};
		2C674D232BBDA8E50068E5A9 /* Build configuration list for PBXNativeTarget "DiffintegratorBackendPlayground" */ = {
			isa = XCConfigurationList;
			buildConfigurations = (
				2C674D212BBDA8E50068E5A9 /* Debug */,
				2C674D222BBDA8E50068E5A9 /* Release */,
			);
			defaultConfigurationIsVisible = 0;
			defaultConfigurationName = Release;
		};
/* End XCConfigurationList section */
	};
	rootObject = 2C5855852B96BB200082FC03 /* Project object */;
}
